
Microsoft Visual Studio Solution File, Format Version 12.00
# Visual Studio Version 16
VisualStudioVersion = 16.0.30621.155
MinimumVisualStudioVersion = 10.0.40219.1
Project("{FAE04EC0-301F-11D3-BF4B-00C04F79EFBC}") = "ProjectX", "ProjectX\ProjectX.csproj", "{9FB9D9EF-A3D3-4471-85C1-0F94A5C25118}"
EndProject
Global
	GlobalSection(SolutionConfigurationPlatforms) = preSolution
		Debug|Any CPU = Debug|Any CPU
		Release|Any CPU = Release|Any CPU
	EndGlobalSection
	GlobalSection(ProjectConfigurationPlatforms) = postSolution
		{9FB9D9EF-A3D3-4471-85C1-0F94A5C25118}.Debug|Any CPU.ActiveCfg = Debug|Any CPU
		{9FB9D9EF-A3D3-4471-85C1-0F94A5C25118}.Debug|Any CPU.Build.0 = Debug|Any CPU
		{9FB9D9EF-A3D3-4471-85C1-0F94A5C25118}.Release|Any CPU.ActiveCfg = Release|Any CPU
		{9FB9D9EF-A3D3-4471-85C1-0F94A5C25118}.Release|Any CPU.Build.0 = Release|Any CPU
	EndGlobalSection
	GlobalSection(SolutionProperties) = preSolution
		HideSolutionNode = FALSE
	EndGlobalSection
	GlobalSection(ExtensibilityGlobals) = postSolution
		SolutionGuid = {771F40E3-0311-47C4-8D94-BDC77D8ECC45}
	EndGlobalSection
EndGlobal
